// !$*UTF8*$!
{
	archiveVersion = 1;
	classes = {
	};
	objectVersion = 46;
	objects = {

/* Begin PBXBuildFile section */
		7B80360A1A672DE000402C79 /* AppDelegate.swift in Sources */ = {isa = PBXBuildFile; fileRef = 7B8036091A672DE000402C79 /* AppDelegate.swift */; };
		7B80360D1A672DE000402C79 /* ExchangeAGram.xcdatamodeld in Sources */ = {isa = PBXBuildFile; fileRef = 7B80360B1A672DE000402C79 /* ExchangeAGram.xcdatamodeld */; };
		7B8036121A672DE000402C79 /* Main.storyboard in Resources */ = {isa = PBXBuildFile; fileRef = 7B8036101A672DE000402C79 /* Main.storyboard */; };
		7B8036141A672DE000402C79 /* Images.xcassets in Resources */ = {isa = PBXBuildFile; fileRef = 7B8036131A672DE000402C79 /* Images.xcassets */; };
		7B8036171A672DE000402C79 /* LaunchScreen.xib in Resources */ = {isa = PBXBuildFile; fileRef = 7B8036151A672DE000402C79 /* LaunchScreen.xib */; };
		7B8036231A672DE000402C79 /* ExchangeAGramTests.swift in Sources */ = {isa = PBXBuildFile; fileRef = 7B8036221A672DE000402C79 /* ExchangeAGramTests.swift */; };
		7B80362D1A6733C100402C79 /* FeedViewController.swift in Sources */ = {isa = PBXBuildFile; fileRef = 7B80362C1A6733C100402C79 /* FeedViewController.swift */; };
		7B80362F1A674F0F00402C79 /* FeedCell.swift in Sources */ = {isa = PBXBuildFile; fileRef = 7B80362E1A674F0F00402C79 /* FeedCell.swift */; };
		7B8036311A6753CA00402C79 /* MobileCoreServices.framework in Frameworks */ = {isa = PBXBuildFile; fileRef = 7B8036301A6753CA00402C79 /* MobileCoreServices.framework */; };
		7B8036331A675C8900402C79 /* FeedItem.swift in Sources */ = {isa = PBXBuildFile; fileRef = 7B8036321A675C8900402C79 /* FeedItem.swift */; };
/* End PBXBuildFile section */

/* Begin PBXContainerItemProxy section */
		7B80361D1A672DE000402C79 /* PBXContainerItemProxy */ = {
			isa = PBXContainerItemProxy;
			containerPortal = 7B8035FC1A672DDF00402C79 /* Project object */;
			proxyType = 1;
			remoteGlobalIDString = 7B8036031A672DDF00402C79;
			remoteInfo = ExchangeAGram;
		};
/* End PBXContainerItemProxy section */

/* Begin PBXFileReference section */
		7B8036041A672DE000402C79 /* ExchangeAGram.app */ = {isa = PBXFileReference; explicitFileType = wrapper.application; includeInIndex = 0; path = ExchangeAGram.app; sourceTree = BUILT_PRODUCTS_DIR; };
		7B8036081A672DE000402C79 /* Info.plist */ = {isa = PBXFileReference; lastKnownFileType = text.plist.xml; path = Info.plist; sourceTree = "<group>"; };
		7B8036091A672DE000402C79 /* AppDelegate.swift */ = {isa = PBXFileReference; lastKnownFileType = sourcecode.swift; path = AppDelegate.swift; sourceTree = "<group>"; };
		7B80360C1A672DE000402C79 /* ExchangeAGram.xcdatamodel */ = {isa = PBXFileReference; lastKnownFileType = wrapper.xcdatamodel; path = ExchangeAGram.xcdatamodel; sourceTree = "<group>"; };
		7B8036111A672DE000402C79 /* Base */ = {isa = PBXFileReference; lastKnownFileType = file.storyboard; name = Base; path = Base.lproj/Main.storyboard; sourceTree = "<group>"; };
		7B8036131A672DE000402C79 /* Images.xcassets */ = {isa = PBXFileReference; lastKnownFileType = folder.assetcatalog; path = Images.xcassets; sourceTree = "<group>"; };
		7B8036161A672DE000402C79 /* Base */ = {isa = PBXFileReference; lastKnownFileType = file.xib; name = Base; path = Base.lproj/LaunchScreen.xib; sourceTree = "<group>"; };
		7B80361C1A672DE000402C79 /* ExchangeAGramTests.xctest */ = {isa = PBXFileReference; explicitFileType = wrapper.cfbundle; includeInIndex = 0; path = ExchangeAGramTests.xctest; sourceTree = BUILT_PRODUCTS_DIR; };
		7B8036211A672DE000402C79 /* Info.plist */ = {isa = PBXFileReference; lastKnownFileType = text.plist.xml; path = Info.plist; sourceTree = "<group>"; };
		7B8036221A672DE000402C79 /* ExchangeAGramTests.swift */ = {isa = PBXFileReference; lastKnownFileType = sourcecode.swift; path = ExchangeAGramTests.swift; sourceTree = "<group>"; };
		7B80362C1A6733C100402C79 /* FeedViewController.swift */ = {isa = PBXFileReference; fileEncoding = 4; lastKnownFileType = sourcecode.swift; path = FeedViewController.swift; sourceTree = "<group>"; };
		7B80362E1A674F0F00402C79 /* FeedCell.swift */ = {isa = PBXFileReference; fileEncoding = 4; lastKnownFileType = sourcecode.swift; name = FeedCell.swift; path = ../FeedCell.swift; sourceTree = "<group>"; };
		7B8036301A6753CA00402C79 /* MobileCoreServices.framework */ = {isa = PBXFileReference; lastKnownFileType = wrapper.framework; name = MobileCoreServices.framework; path = System/Library/Frameworks/MobileCoreServices.framework; sourceTree = SDKROOT; };
		7B8036321A675C8900402C79 /* FeedItem.swift */ = {isa = PBXFileReference; fileEncoding = 4; lastKnownFileType = sourcecode.swift; path = FeedItem.swift; sourceTree = "<group>"; };
/* End PBXFileReference section */

/* Begin PBXFrameworksBuildPhase section */
		7B8036011A672DDF00402C79 /* Frameworks */ = {
			isa = PBXFrameworksBuildPhase;
			buildActionMask = 2147483647;
			files = (
				7B8036311A6753CA00402C79 /* MobileCoreServices.framework in Frameworks */,
			);
			runOnlyForDeploymentPostprocessing = 0;
		};
		7B8036191A672DE000402C79 /* Frameworks */ = {
			isa = PBXFrameworksBuildPhase;
			buildActionMask = 2147483647;
			files = (
			);
			runOnlyForDeploymentPostprocessing = 0;
		};
/* End PBXFrameworksBuildPhase section */

/* Begin PBXGroup section */
		7B8035FB1A672DDF00402C79 = {
			isa = PBXGroup;
			children = (
				7B8036061A672DE000402C79 /* ExchangeAGram */,
				7B80361F1A672DE000402C79 /* ExchangeAGramTests */,
				7B8036051A672DE000402C79 /* Products */,
			);
			sourceTree = "<group>";
		};
		7B8036051A672DE000402C79 /* Products */ = {
			isa = PBXGroup;
			children = (
				7B8036041A672DE000402C79 /* ExchangeAGram.app */,
				7B80361C1A672DE000402C79 /* ExchangeAGramTests.xctest */,
			);
			name = Products;
			sourceTree = "<group>";
		};
		7B8036061A672DE000402C79 /* ExchangeAGram */ = {
			isa = PBXGroup;
			children = (
				7B8036091A672DE000402C79 /* AppDelegate.swift */,
				7B80362C1A6733C100402C79 /* FeedViewController.swift */,
				7B80362E1A674F0F00402C79 /* FeedCell.swift */,
				7B8036321A675C8900402C79 /* FeedItem.swift */,
				7B8036101A672DE000402C79 /* Main.storyboard */,
				7B8036131A672DE000402C79 /* Images.xcassets */,
				7B8036151A672DE000402C79 /* LaunchScreen.xib */,
				7B80360B1A672DE000402C79 /* ExchangeAGram.xcdatamodeld */,
				7B8036071A672DE000402C79 /* Supporting Files */,
			);
			path = ExchangeAGram;
			sourceTree = "<group>";
		};
		7B8036071A672DE000402C79 /* Supporting Files */ = {
			isa = PBXGroup;
			children = (
				7B8036301A6753CA00402C79 /* MobileCoreServices.framework */,
				7B8036081A672DE000402C79 /* Info.plist */,
			);
			name = "Supporting Files";
			sourceTree = "<group>";
		};
		7B80361F1A672DE000402C79 /* ExchangeAGramTests */ = {
			isa = PBXGroup;
			children = (
				7B8036221A672DE000402C79 /* ExchangeAGramTests.swift */,
				7B8036201A672DE000402C79 /* Supporting Files */,
			);
			path = ExchangeAGramTests;
			sourceTree = "<group>";
		};
		7B8036201A672DE000402C79 /* Supporting Files */ = {
			isa = PBXGroup;
			children = (
				7B8036211A672DE000402C79 /* Info.plist */,
			);
			name = "Supporting Files";
			sourceTree = "<group>";
		};
/* End PBXGroup section */

/* Begin PBXNativeTarget section */
		7B8036031A672DDF00402C79 /* ExchangeAGram */ = {
			isa = PBXNativeTarget;
			buildConfigurationList = 7B8036261A672DE000402C79 /* Build configuration list for PBXNativeTarget "ExchangeAGram" */;
			buildPhases = (
				7B8036001A672DDF00402C79 /* Sources */,
				7B8036011A672DDF00402C79 /* Frameworks */,
				7B8036021A672DDF00402C79 /* Resources */,
			);
			buildRules = (
			);
			dependencies = (
			);
			name = ExchangeAGram;
			productName = ExchangeAGram;
			productReference = 7B8036041A672DE000402C79 /* ExchangeAGram.app */;
			productType = "com.apple.product-type.application";
		};
		7B80361B1A672DE000402C79 /* ExchangeAGramTests */ = {
			isa = PBXNativeTarget;
			buildConfigurationList = 7B8036291A672DE000402C79 /* Build configuration list for PBXNativeTarget "ExchangeAGramTests" */;
			buildPhases = (
				7B8036181A672DE000402C79 /* Sources */,
				7B8036191A672DE000402C79 /* Frameworks */,
				7B80361A1A672DE000402C79 /* Resources */,
			);
			buildRules = (
			);
			dependencies = (
				7B80361E1A672DE000402C79 /* PBXTargetDependency */,
			);
			name = ExchangeAGramTests;
			productName = ExchangeAGramTests;
			productReference = 7B80361C1A672DE000402C79 /* ExchangeAGramTests.xctest */;
			productType = "com.apple.product-type.bundle.unit-test";
		};
/* End PBXNativeTarget section */

/* Begin PBXProject section */
		7B8035FC1A672DDF00402C79 /* Project object */ = {
			isa = PBXProject;
			attributes = {
				LastUpgradeCheck = 0610;
				ORGANIZATIONNAME = alex;
				TargetAttributes = {
					7B8036031A672DDF00402C79 = {
						CreatedOnToolsVersion = 6.1.1;
					};
					7B80361B1A672DE000402C79 = {
						CreatedOnToolsVersion = 6.1.1;
						TestTargetID = 7B8036031A672DDF00402C79;
					};
				};
			};
			buildConfigurationList = 7B8035FF1A672DDF00402C79 /* Build configuration list for PBXProject "ExchangeAGram" */;
			compatibilityVersion = "Xcode 3.2";
			developmentRegion = English;
			hasScannedForEncodings = 0;
			knownRegions = (
				en,
				Base,
			);
			mainGroup = 7B8035FB1A672DDF00402C79;
			productRefGroup = 7B8036051A672DE000402C79 /* Products */;
			projectDirPath = "";
			projectRoot = "";
			targets = (
				7B8036031A672DDF00402C79 /* ExchangeAGram */,
				7B80361B1A672DE000402C79 /* ExchangeAGramTests */,
			);
		};
/* End PBXProject section */

/* Begin PBXResourcesBuildPhase section */
		7B8036021A672DDF00402C79 /* Resources */ = {
			isa = PBXResourcesBuildPhase;
			buildActionMask = 2147483647;
			files = (
				7B8036121A672DE000402C79 /* Main.storyboard in Resources */,
				7B8036171A672DE000402C79 /* LaunchScreen.xib in Resources */,
				7B8036141A672DE000402C79 /* Images.xcassets in Resources */,
			);
			runOnlyForDeploymentPostprocessing = 0;
		};
		7B80361A1A672DE000402C79 /* Resources */ = {
			isa = PBXResourcesBuildPhase;
			buildActionMask = 2147483647;
			files = (
			);
			runOnlyForDeploymentPostprocessing = 0;
		};
/* End PBXResourcesBuildPhase section */

/* Begin PBXSourcesBuildPhase section */
		7B8036001A672DDF00402C79 /* Sources */ = {
			isa = PBXSourcesBuildPhase;
			buildActionMask = 2147483647;
			files = (
				7B80360A1A672DE000402C79 /* AppDelegate.swift in Sources */,
				7B80362F1A674F0F00402C79 /* FeedCell.swift in Sources */,
				7B80362D1A6733C100402C79 /* FeedViewController.swift in Sources */,
				7B8036331A675C8900402C79 /* FeedItem.swift in Sources */,
				7B80360D1A672DE000402C79 /* ExchangeAGram.xcdatamodeld in Sources */,
			);
			runOnlyForDeploymentPostprocessing = 0;
		};
		7B8036181A672DE000402C79 /* Sources */ = {
			isa = PBXSourcesBuildPhase;
			buildActionMask = 2147483647;
			files = (
				7B8036231A672DE000402C79 /* ExchangeAGramTests.swift in Sources */,
			);
			runOnlyForDeploymentPostprocessing = 0;
		};
/* End PBXSourcesBuildPhase section */

/* Begin PBXTargetDependency section */
		7B80361E1A672DE000402C79 /* PBXTargetDependency */ = {
			isa = PBXTargetDependency;
			target = 7B8036031A672DDF00402C79 /* ExchangeAGram */;
			targetProxy = 7B80361D1A672DE000402C79 /* PBXContainerItemProxy */;
		};
/* End PBXTargetDependency section */

/* Begin PBXVariantGroup section */
		7B8036101A672DE000402C79 /* Main.storyboard */ = {
			isa = PBXVariantGroup;
			children = (
				7B8036111A672DE000402C79 /* Base */,
			);
			name = Main.storyboard;
			sourceTree = "<group>";
		};
		7B8036151A672DE000402C79 /* LaunchScreen.xib */ = {
			isa = PBXVariantGroup;
			children = (
				7B8036161A672DE000402C79 /* Base */,
			);
			name = LaunchScreen.xib;
			sourceTree = "<group>";
		};
/* End PBXVariantGroup section */

/* Begin XCBuildConfiguration section */
		7B8036241A672DE000402C79 /* Debug */ = {
			isa = XCBuildConfiguration;
			buildSettings = {
				ALWAYS_SEARCH_USER_PATHS = NO;
				CLANG_CXX_LANGUAGE_STANDARD = "gnu++0x";
				CLANG_CXX_LIBRARY = "libc++";
				CLANG_ENABLE_MODULES = YES;
				CLANG_ENABLE_OBJC_ARC = YES;
				CLANG_WARN_BOOL_CONVERSION = YES;
				CLANG_WARN_CONSTANT_CONVERSION = YES;
				CLANG_WARN_DIRECT_OBJC_ISA_USAGE = YES_ERROR;
				CLANG_WARN_EMPTY_BODY = YES;
				CLANG_WARN_ENUM_CONVERSION = YES;
				CLANG_WARN_INT_CONVERSION = YES;
				CLANG_WARN_OBJC_ROOT_CLASS = YES_ERROR;
				CLANG_WARN_UNREACHABLE_CODE = YES;
				CLANG_WARN__DUPLICATE_METHOD_MATCH = YES;
				"CODE_SIGN_IDENTITY[sdk=iphoneos*]" = "iPhone Developer";
				COPY_PHASE_STRIP = NO;
				ENABLE_STRICT_OBJC_MSGSEND = YES;
				GCC_C_LANGUAGE_STANDARD = gnu99;
				GCC_DYNAMIC_NO_PIC = NO;
				GCC_OPTIMIZATION_LEVEL = 0;
				GCC_PREPROCESSOR_DEFINITIONS = (
					"DEBUG=1",
					"$(inherited)",
				);
				GCC_SYMBOLS_PRIVATE_EXTERN = NO;
				GCC_WARN_64_TO_32_BIT_CONVERSION = YES;
				GCC_WARN_ABOUT_RETURN_TYPE = YES_ERROR;
				GCC_WARN_UNDECLARED_SELECTOR = YES;
				GCC_WARN_UNINITIALIZED_AUTOS = YES_AGGRESSIVE;
				GCC_WARN_UNUSED_FUNCTION = YES;
				GCC_WARN_UNUSED_VARIABLE = YES;
				IPHONEOS_DEPLOYMENT_TARGET = 8.1;
				MTL_ENABLE_DEBUG_INFO = YES;
				ONLY_ACTIVE_ARCH = YES;
				SDKROOT = iphoneos;
				SWIFT_OPTIMIZATION_LEVEL = "-Onone";
				TARGETED_DEVICE_FAMILY = "1,2";
			};
			name = Debug;
		};
		7B8036251A672DE000402C79 /* Release */ = {
			isa = XCBuildConfiguration;
			buildSettings = {
				ALWAYS_SEARCH_USER_PATHS = NO;
				CLANG_CXX_LANGUAGE_STANDARD = "gnu++0x";
				CLANG_CXX_LIBRARY = "libc++";
				CLANG_ENABLE_MODULES = YES;
				CLANG_ENABLE_OBJC_ARC = YES;
				CLANG_WARN_BOOL_CONVERSION = YES;
				CLANG_WARN_CONSTANT_CONVERSION = YES;
				CLANG_WARN_DIRECT_OBJC_ISA_USAGE = YES_ERROR;
				CLANG_WARN_EMPTY_BODY = YES;
				CLANG_WARN_ENUM_CONVERSION = YES;
				CLANG_WARN_INT_CONVERSION = YES;
				CLANG_WARN_OBJC_ROOT_CLASS = YES_ERROR;
				CLANG_WARN_UNREACHABLE_CODE = YES;
				CLANG_WARN__DUPLICATE_METHOD_MATCH = YES;
				"CODE_SIGN_IDENTITY[sdk=iphoneos*]" = "iPhone Developer";
				COPY_PHASE_STRIP = YES;
				ENABLE_NS_ASSERTIONS = NO;
				ENABLE_STRICT_OBJC_MSGSEND = YES;
				GCC_C_LANGUAGE_STANDARD = gnu99;
				GCC_WARN_64_TO_32_BIT_CONVERSION = YES;
				GCC_WARN_ABOUT_RETURN_TYPE = YES_ERROR;
				GCC_WARN_UNDECLARED_SELECTOR = YES;
				GCC_WARN_UNINITIALIZED_AUTOS = YES_AGGRESSIVE;
				GCC_WARN_UNUSED_FUNCTION = YES;
				GCC_WARN_UNUSED_VARIABLE = YES;
				IPHONEOS_DEPLOYMENT_TARGET = 8.1;
				MTL_ENABLE_DEBUG_INFO = NO;
				SDKROOT = iphoneos;
				TARGETED_DEVICE_FAMILY = "1,2";
				VALIDATE_PRODUCT = YES;
			};
			name = Release;
		};
		7B8036271A672DE000402C79 /* Debug */ = {
			isa = XCBuildConfiguration;
			buildSettings = {
				ASSETCATALOG_COMPILER_APPICON_NAME = AppIcon;
				INFOPLIST_FILE = ExchangeAGram/Info.plist;
				LD_RUNPATH_SEARCH_PATHS = "$(inherited) @executable_path/Frameworks";
				PRODUCT_NAME = "$(TARGET_NAME)";
			};
			name = Debug;
		};
		7B8036281A672DE000402C79 /* Release */ = {
			isa = XCBuildConfiguration;
			buildSettings = {
				ASSETCATALOG_COMPILER_APPICON_NAME = AppIcon;
				INFOPLIST_FILE = ExchangeAGram/Info.plist;
				LD_RUNPATH_SEARCH_PATHS = "$(inherited) @executable_path/Frameworks";
				PRODUCT_NAME = "$(TARGET_NAME)";
			};
			name = Release;
		};
		7B80362A1A672DE000402C79 /* Debug */ = {
			isa = XCBuildConfiguration;
			buildSettings = {
				BUNDLE_LOADER = "$(TEST_HOST)";
				FRAMEWORK_SEARCH_PATHS = (
					"$(SDKROOT)/Developer/Library/Frameworks",
					"$(inherited)",
				);
				GCC_PREPROCESSOR_DEFINITIONS = (
					"DEBUG=1",
					"$(inherited)",
				);
				INFOPLIST_FILE = ExchangeAGramTests/Info.plist;
				LD_RUNPATH_SEARCH_PATHS = "$(inherited) @executable_path/Frameworks @loader_path/Frameworks";
				PRODUCT_NAME = "$(TARGET_NAME)";
				TEST_HOST = "$(BUILT_PRODUCTS_DIR)/ExchangeAGram.app/ExchangeAGram";
			};
			name = Debug;
		};
		7B80362B1A672DE000402C79 /* Release */ = {
			isa = XCBuildConfiguration;
			buildSettings = {
				BUNDLE_LOADER = "$(TEST_HOST)";
				FRAMEWORK_SEARCH_PATHS = (
					"$(SDKROOT)/Developer/Library/Frameworks",
					"$(inherited)",
				);
				INFOPLIST_FILE = ExchangeAGramTests/Info.plist;
				LD_RUNPATH_SEARCH_PATHS = "$(inherited) @executable_path/Frameworks @loader_path/Frameworks";
				PRODUCT_NAME = "$(TARGET_NAME)";
				TEST_HOST = "$(BUILT_PRODUCTS_DIR)/ExchangeAGram.app/ExchangeAGram";
			};
			name = Release;
		};
/* End XCBuildConfiguration section */

/* Begin XCConfigurationList section */
		7B8035FF1A672DDF00402C79 /* Build configuration list for PBXProject "ExchangeAGram" */ = {
			isa = XCConfigurationList;
			buildConfigurations = (
				7B8036241A672DE000402C79 /* Debug */,
				7B8036251A672DE000402C79 /* Release */,
			);
			defaultConfigurationIsVisible = 0;
			defaultConfigurationName = Release;
		};
		7B8036261A672DE000402C79 /* Build configuration list for PBXNativeTarget "ExchangeAGram" */ = {
			isa = XCConfigurationList;
			buildConfigurations = (
				7B8036271A672DE000402C79 /* Debug */,
				7B8036281A672DE000402C79 /* Release */,
			);
			defaultConfigurationIsVisible = 0;
		};
		7B8036291A672DE000402C79 /* Build configuration list for PBXNativeTarget "ExchangeAGramTests" */ = {
			isa = XCConfigurationList;
			buildConfigurations = (
				7B80362A1A672DE000402C79 /* Debug */,
				7B80362B1A672DE000402C79 /* Release */,
			);
			defaultConfigurationIsVisible = 0;
		};
/* End XCConfigurationList section */

/* Begin XCVersionGroup section */
		7B80360B1A672DE000402C79 /* ExchangeAGram.xcdatamodeld */ = {
			isa = XCVersionGroup;
			children = (
				7B80360C1A672DE000402C79 /* ExchangeAGram.xcdatamodel */,
			);
			currentVersion = 7B80360C1A672DE000402C79 /* ExchangeAGram.xcdatamodel */;
			path = ExchangeAGram.xcdatamodeld;
			sourceTree = "<group>";
			versionGroupType = wrapper.xcdatamodel;
		};
/* End XCVersionGroup section */
	};
	rootObject = 7B8035FC1A672DDF00402C79 /* Project object */;
}
